{
  "name": "@hiconic-os/com.braintribe.gm--root-model",
  "version": "1.0.0",
  "lockfileVersion": 3,
  "requires": true,
  "packages": {
    "": {
      "name": "@hiconic-os/com.braintribe.gm--root-model",
      "version": "1.0.0",
      "license": "Apache-2.0",
      "dependencies": {
        "@hiconic-os/com.braintribe.gm--gm-core-api": "2.0.x"
      }
    },
    "../gm-core-api": {
      "name": "@hiconic-os/com.braintribe.gm--gm-core-api",
      "version": "1.0.0",
      "extraneous": true,
      "license": "Apache-2.0"
    },
    "node_modules/@hiconic-os/com.braintribe.gm--gm-core-api": {
      "version": "2.0.75",
      "resolved": "https://npm.pkg.github.com/download/@hiconic-os/com.braintribe.gm--gm-core-api/2.0.75/f31e4abf623bea5ff4d64f0ba7788200f6303c5c",
      "integrity": "sha512-t3XvAsLAtXWDCazkV5IK8CydzaHaCjY4Rdi2N8x2hlkCUCJV6uIfpjUZ+ijGEUK8zHJ3nz8OXR14e95O3gKepA==",
      "license": "Apache-2.0"
    }
  }
}
