{
  "name": "@hiconic-os/hc-js",
  "version": "1.0.0",
  "lockfileVersion": 3,
  "requires": true,
  "packages": {
    "": {
      "name": "@hiconic-os/hc-js",
      "version": "1.0.0",
      "license": "Apache-2.0",
      "dependencies": {
        "gm-core-api": "file:../gm-core-api"
      }
    },
    "../gm-core-api": {
      "name": "@hiconic-os/root-model",
      "version": "1.0.0",
      "license": "Apache-2.0"
    },
    "node_modules/gm-core-api": {
      "resolved": "../gm-core-api",
      "link": true
    }
  }
}
